// !$*UTF8*$!
{
	archiveVersion = 1;
	classes = {
	};
	objectVersion = 51;
	objects = {

/* Begin PBXBuildFile section */
		3F7E9C2877288EB53094AA73 /* Pods_Charts.framework in Frameworks */ = {isa = PBXBuildFile; fileRef = 94C8052D09425C86824877FD /* Pods_Charts.framework */; };
		5D452764233A0C1000378863 /* AppDelegate.swift in Sources */ = {isa = PBXBuildFile; fileRef = 5D452763233A0C1000378863 /* AppDelegate.swift */; };
		5D452766233A0C1000378863 /* SceneDelegate.swift in Sources */ = {isa = PBXBuildFile; fileRef = 5D452765233A0C1000378863 /* SceneDelegate.swift */; };
		5D452768233A0C1000378863 /* ViewController.swift in Sources */ = {isa = PBXBuildFile; fileRef = 5D452767233A0C1000378863 /* ViewController.swift */; };
		5D45276B233A0C1000378863 /* Main.storyboard in Resources */ = {isa = PBXBuildFile; fileRef = 5D452769233A0C1000378863 /* Main.storyboard */; };
		5D45276D233A0C1100378863 /* Assets.xcassets in Resources */ = {isa = PBXBuildFile; fileRef = 5D45276C233A0C1100378863 /* Assets.xcassets */; };
		5D452770233A0C1100378863 /* LaunchScreen.storyboard in Resources */ = {isa = PBXBuildFile; fileRef = 5D45276E233A0C1100378863 /* LaunchScreen.storyboard */; };
		5D45277B233A0C1200378863 /* ChartsTests.swift in Sources */ = {isa = PBXBuildFile; fileRef = 5D45277A233A0C1200378863 /* ChartsTests.swift */; };
		5D452786233A0C1200378863 /* ChartsUITests.swift in Sources */ = {isa = PBXBuildFile; fileRef = 5D452785233A0C1200378863 /* ChartsUITests.swift */; };
		5D452794233A272B00378863 /* MacawChart.swift in Sources */ = {isa = PBXBuildFile; fileRef = 5D452793233A272B00378863 /* MacawChart.swift */; };
		5D452796233A2AC100378863 /* SwiftNewsVideo.swift in Sources */ = {isa = PBXBuildFile; fileRef = 5D452795233A2AC100378863 /* SwiftNewsVideo.swift */; };
		78F79FFC5E0E7138436DC3AC /* Pods_ChartsTests.framework in Frameworks */ = {isa = PBXBuildFile; fileRef = 282633B3836FDAC1EA499C4A /* Pods_ChartsTests.framework */; };
		CAC9D51F2BF0EDDAB32E55FB /* Pods_ChartsUITests.framework in Frameworks */ = {isa = PBXBuildFile; fileRef = FAFF121E43CF38BE8D702EC3 /* Pods_ChartsUITests.framework */; };
/* End PBXBuildFile section */

/* Begin PBXContainerItemProxy section */
		5D452777233A0C1200378863 /* PBXContainerItemProxy */ = {
			isa = PBXContainerItemProxy;
			containerPortal = 5D452758233A0C1000378863 /* Project object */;
			proxyType = 1;
			remoteGlobalIDString = 5D45275F233A0C1000378863;
			remoteInfo = Charts;
		};
		5D452782233A0C1200378863 /* PBXContainerItemProxy */ = {
			isa = PBXContainerItemProxy;
			containerPortal = 5D452758233A0C1000378863 /* Project object */;
			proxyType = 1;
			remoteGlobalIDString = 5D45275F233A0C1000378863;
			remoteInfo = Charts;
		};
/* End PBXContainerItemProxy section */

/* Begin PBXFileReference section */
		282633B3836FDAC1EA499C4A /* Pods_ChartsTests.framework */ = {isa = PBXFileReference; explicitFileType = wrapper.framework; includeInIndex = 0; path = Pods_ChartsTests.framework; sourceTree = BUILT_PRODUCTS_DIR; };
		2B9C8B1444E54422E7016E2A /* Pods-ChartsTests.release.xcconfig */ = {isa = PBXFileReference; includeInIndex = 1; lastKnownFileType = text.xcconfig; name = "Pods-ChartsTests.release.xcconfig"; path = "Target Support Files/Pods-ChartsTests/Pods-ChartsTests.release.xcconfig"; sourceTree = "<group>"; };
		3E8BDCBE9D9A74FE9DCF82EF /* Pods-Charts.release.xcconfig */ = {isa = PBXFileReference; includeInIndex = 1; lastKnownFileType = text.xcconfig; name = "Pods-Charts.release.xcconfig"; path = "Target Support Files/Pods-Charts/Pods-Charts.release.xcconfig"; sourceTree = "<group>"; };
		5D452760233A0C1000378863 /* Charts.app */ = {isa = PBXFileReference; explicitFileType = wrapper.application; includeInIndex = 0; path = Charts.app; sourceTree = BUILT_PRODUCTS_DIR; };
		5D452763233A0C1000378863 /* AppDelegate.swift */ = {isa = PBXFileReference; lastKnownFileType = sourcecode.swift; path = AppDelegate.swift; sourceTree = "<group>"; };
		5D452765233A0C1000378863 /* SceneDelegate.swift */ = {isa = PBXFileReference; lastKnownFileType = sourcecode.swift; path = SceneDelegate.swift; sourceTree = "<group>"; };
		5D452767233A0C1000378863 /* ViewController.swift */ = {isa = PBXFileReference; lastKnownFileType = sourcecode.swift; path = ViewController.swift; sourceTree = "<group>"; };
		5D45276A233A0C1000378863 /* Base */ = {isa = PBXFileReference; lastKnownFileType = file.storyboard; name = Base; path = Base.lproj/Main.storyboard; sourceTree = "<group>"; };
		5D45276C233A0C1100378863 /* Assets.xcassets */ = {isa = PBXFileReference; lastKnownFileType = folder.assetcatalog; path = Assets.xcassets; sourceTree = "<group>"; };
		5D45276F233A0C1100378863 /* Base */ = {isa = PBXFileReference; lastKnownFileType = file.storyboard; name = Base; path = Base.lproj/LaunchScreen.storyboard; sourceTree = "<group>"; };
		5D452771233A0C1100378863 /* Info.plist */ = {isa = PBXFileReference; lastKnownFileType = text.plist.xml; path = Info.plist; sourceTree = "<group>"; };
		5D452776233A0C1200378863 /* ChartsTests.xctest */ = {isa = PBXFileReference; explicitFileType = wrapper.cfbundle; includeInIndex = 0; path = ChartsTests.xctest; sourceTree = BUILT_PRODUCTS_DIR; };
		5D45277A233A0C1200378863 /* ChartsTests.swift */ = {isa = PBXFileReference; lastKnownFileType = sourcecode.swift; path = ChartsTests.swift; sourceTree = "<group>"; };
		5D45277C233A0C1200378863 /* Info.plist */ = {isa = PBXFileReference; lastKnownFileType = text.plist.xml; path = Info.plist; sourceTree = "<group>"; };
		5D452781233A0C1200378863 /* ChartsUITests.xctest */ = {isa = PBXFileReference; explicitFileType = wrapper.cfbundle; includeInIndex = 0; path = ChartsUITests.xctest; sourceTree = BUILT_PRODUCTS_DIR; };
		5D452785233A0C1200378863 /* ChartsUITests.swift */ = {isa = PBXFileReference; lastKnownFileType = sourcecode.swift; path = ChartsUITests.swift; sourceTree = "<group>"; };
		5D452787233A0C1200378863 /* Info.plist */ = {isa = PBXFileReference; lastKnownFileType = text.plist.xml; path = Info.plist; sourceTree = "<group>"; };
		5D452793233A272B00378863 /* MacawChart.swift */ = {isa = PBXFileReference; lastKnownFileType = sourcecode.swift; path = MacawChart.swift; sourceTree = "<group>"; };
		5D452795233A2AC100378863 /* SwiftNewsVideo.swift */ = {isa = PBXFileReference; lastKnownFileType = sourcecode.swift; path = SwiftNewsVideo.swift; sourceTree = "<group>"; };
		94C8052D09425C86824877FD /* Pods_Charts.framework */ = {isa = PBXFileReference; explicitFileType = wrapper.framework; includeInIndex = 0; path = Pods_Charts.framework; sourceTree = BUILT_PRODUCTS_DIR; };
		B423412C9414122CFF61B11E /* Pods-ChartsUITests.release.xcconfig */ = {isa = PBXFileReference; includeInIndex = 1; lastKnownFileType = text.xcconfig; name = "Pods-ChartsUITests.release.xcconfig"; path = "Target Support Files/Pods-ChartsUITests/Pods-ChartsUITests.release.xcconfig"; sourceTree = "<group>"; };
		CC57CF863077DD16DD2132EF /* Pods-ChartsTests.debug.xcconfig */ = {isa = PBXFileReference; includeInIndex = 1; lastKnownFileType = text.xcconfig; name = "Pods-ChartsTests.debug.xcconfig"; path = "Target Support Files/Pods-ChartsTests/Pods-ChartsTests.debug.xcconfig"; sourceTree = "<group>"; };
		D45CF70FCF0081ED1CD1342A /* Pods-Charts.debug.xcconfig */ = {isa = PBXFileReference; includeInIndex = 1; lastKnownFileType = text.xcconfig; name = "Pods-Charts.debug.xcconfig"; path = "Target Support Files/Pods-Charts/Pods-Charts.debug.xcconfig"; sourceTree = "<group>"; };
		E829C427183E00A946073B09 /* Pods-ChartsUITests.debug.xcconfig */ = {isa = PBXFileReference; includeInIndex = 1; lastKnownFileType = text.xcconfig; name = "Pods-ChartsUITests.debug.xcconfig"; path = "Target Support Files/Pods-ChartsUITests/Pods-ChartsUITests.debug.xcconfig"; sourceTree = "<group>"; };
		FAFF121E43CF38BE8D702EC3 /* Pods_ChartsUITests.framework */ = {isa = PBXFileReference; explicitFileType = wrapper.framework; includeInIndex = 0; path = Pods_ChartsUITests.framework; sourceTree = BUILT_PRODUCTS_DIR; };
/* End PBXFileReference section */

/* Begin PBXFrameworksBuildPhase section */
		5D45275D233A0C1000378863 /* Frameworks */ = {
			isa = PBXFrameworksBuildPhase;
			buildActionMask = 2147483647;
			files = (
				3F7E9C2877288EB53094AA73 /* Pods_Charts.framework in Frameworks */,
			);
			runOnlyForDeploymentPostprocessing = 0;
		};
		5D452773233A0C1200378863 /* Frameworks */ = {
			isa = PBXFrameworksBuildPhase;
			buildActionMask = 2147483647;
			files = (
				78F79FFC5E0E7138436DC3AC /* Pods_ChartsTests.framework in Frameworks */,
			);
			runOnlyForDeploymentPostprocessing = 0;
		};
		5D45277E233A0C1200378863 /* Frameworks */ = {
			isa = PBXFrameworksBuildPhase;
			buildActionMask = 2147483647;
			files = (
				CAC9D51F2BF0EDDAB32E55FB /* Pods_ChartsUITests.framework in Frameworks */,
			);
			runOnlyForDeploymentPostprocessing = 0;
		};
/* End PBXFrameworksBuildPhase section */

/* Begin PBXGroup section */
		5D452757233A0C1000378863 = {
			isa = PBXGroup;
			children = (
				5D452762233A0C1000378863 /* Charts */,
				5D452779233A0C1200378863 /* ChartsTests */,
				5D452784233A0C1200378863 /* ChartsUITests */,
				5D452761233A0C1000378863 /* Products */,
				5E3E18A8B76C40B16B6061FA /* Pods */,
				C6D26A80620861D948E1A0F3 /* Frameworks */,
			);
			sourceTree = "<group>";
		};
		5D452761233A0C1000378863 /* Products */ = {
			isa = PBXGroup;
			children = (
				5D452760233A0C1000378863 /* Charts.app */,
				5D452776233A0C1200378863 /* ChartsTests.xctest */,
				5D452781233A0C1200378863 /* ChartsUITests.xctest */,
			);
			name = Products;
			sourceTree = "<group>";
		};
		5D452762233A0C1000378863 /* Charts */ = {
			isa = PBXGroup;
			children = (
				5D452763233A0C1000378863 /* AppDelegate.swift */,
				5D452765233A0C1000378863 /* SceneDelegate.swift */,
				5D452767233A0C1000378863 /* ViewController.swift */,
				5D452769233A0C1000378863 /* Main.storyboard */,
				5D45276C233A0C1100378863 /* Assets.xcassets */,
				5D45276E233A0C1100378863 /* LaunchScreen.storyboard */,
				5D452771233A0C1100378863 /* Info.plist */,
				5D452793233A272B00378863 /* MacawChart.swift */,
				5D452795233A2AC100378863 /* SwiftNewsVideo.swift */,
			);
			path = Charts;
			sourceTree = "<group>";
		};
		5D452779233A0C1200378863 /* ChartsTests */ = {
			isa = PBXGroup;
			children = (
				5D45277A233A0C1200378863 /* ChartsTests.swift */,
				5D45277C233A0C1200378863 /* Info.plist */,
			);
			path = ChartsTests;
			sourceTree = "<group>";
		};
		5D452784233A0C1200378863 /* ChartsUITests */ = {
			isa = PBXGroup;
			children = (
				5D452785233A0C1200378863 /* ChartsUITests.swift */,
				5D452787233A0C1200378863 /* Info.plist */,
			);
			path = ChartsUITests;
			sourceTree = "<group>";
		};
		5E3E18A8B76C40B16B6061FA /* Pods */ = {
			isa = PBXGroup;
			children = (
				D45CF70FCF0081ED1CD1342A /* Pods-Charts.debug.xcconfig */,
				3E8BDCBE9D9A74FE9DCF82EF /* Pods-Charts.release.xcconfig */,
				CC57CF863077DD16DD2132EF /* Pods-ChartsTests.debug.xcconfig */,
				2B9C8B1444E54422E7016E2A /* Pods-ChartsTests.release.xcconfig */,
				E829C427183E00A946073B09 /* Pods-ChartsUITests.debug.xcconfig */,
				B423412C9414122CFF61B11E /* Pods-ChartsUITests.release.xcconfig */,
			);
			path = Pods;
			sourceTree = "<group>";
		};
		C6D26A80620861D948E1A0F3 /* Frameworks */ = {
			isa = PBXGroup;
			children = (
				94C8052D09425C86824877FD /* Pods_Charts.framework */,
				282633B3836FDAC1EA499C4A /* Pods_ChartsTests.framework */,
				FAFF121E43CF38BE8D702EC3 /* Pods_ChartsUITests.framework */,
			);
			name = Frameworks;
			sourceTree = "<group>";
		};
/* End PBXGroup section */

/* Begin PBXNativeTarget section */
		5D45275F233A0C1000378863 /* Charts */ = {
			isa = PBXNativeTarget;
			buildConfigurationList = 5D45278A233A0C1200378863 /* Build configuration list for PBXNativeTarget "Charts" */;
			buildPhases = (
				14EA82E88588275531130A1A /* [CP] Check Pods Manifest.lock */,
				5D45275C233A0C1000378863 /* Sources */,
				5D45275D233A0C1000378863 /* Frameworks */,
				5D45275E233A0C1000378863 /* Resources */,
				C20DD1A66972B134698701A4 /* [CP] Embed Pods Frameworks */,
			);
			buildRules = (
			);
			dependencies = (
			);
			name = Charts;
			productName = Charts;
			productReference = 5D452760233A0C1000378863 /* Charts.app */;
			productType = "com.apple.product-type.application";
		};
		5D452775233A0C1200378863 /* ChartsTests */ = {
			isa = PBXNativeTarget;
			buildConfigurationList = 5D45278D233A0C1200378863 /* Build configuration list for PBXNativeTarget "ChartsTests" */;
			buildPhases = (
				7C73AFFCBCF990D74EC08142 /* [CP] Check Pods Manifest.lock */,
				5D452772233A0C1200378863 /* Sources */,
				5D452773233A0C1200378863 /* Frameworks */,
				5D452774233A0C1200378863 /* Resources */,
			);
			buildRules = (
			);
			dependencies = (
				5D452778233A0C1200378863 /* PBXTargetDependency */,
			);
			name = ChartsTests;
			productName = ChartsTests;
			productReference = 5D452776233A0C1200378863 /* ChartsTests.xctest */;
			productType = "com.apple.product-type.bundle.unit-test";
		};
		5D452780233A0C1200378863 /* ChartsUITests */ = {
			isa = PBXNativeTarget;
			buildConfigurationList = 5D452790233A0C1200378863 /* Build configuration list for PBXNativeTarget "ChartsUITests" */;
			buildPhases = (
				8BCEEA4F34C933B7CC03C624 /* [CP] Check Pods Manifest.lock */,
				5D45277D233A0C1200378863 /* Sources */,
				5D45277E233A0C1200378863 /* Frameworks */,
				5D45277F233A0C1200378863 /* Resources */,
			);
			buildRules = (
			);
			dependencies = (
				5D452783233A0C1200378863 /* PBXTargetDependency */,
			);
			name = ChartsUITests;
			productName = ChartsUITests;
			productReference = 5D452781233A0C1200378863 /* ChartsUITests.xctest */;
			productType = "com.apple.product-type.bundle.ui-testing";
		};
/* End PBXNativeTarget section */

/* Begin PBXProject section */
		5D452758233A0C1000378863 /* Project object */ = {
			isa = PBXProject;
			attributes = {
				LastSwiftUpdateCheck = 1100;
				LastUpgradeCheck = 1100;
				ORGANIZATIONNAME = KarlJay;
				TargetAttributes = {
					5D45275F233A0C1000378863 = {
						CreatedOnToolsVersion = 11.0;
					};
					5D452775233A0C1200378863 = {
						CreatedOnToolsVersion = 11.0;
						TestTargetID = 5D45275F233A0C1000378863;
					};
					5D452780233A0C1200378863 = {
						CreatedOnToolsVersion = 11.0;
						TestTargetID = 5D45275F233A0C1000378863;
					};
				};
			};
			buildConfigurationList = 5D45275B233A0C1000378863 /* Build configuration list for PBXProject "Charts" */;
			compatibilityVersion = "Xcode 9.3";
			developmentRegion = en;
			hasScannedForEncodings = 0;
			knownRegions = (
				en,
				Base,
			);
			mainGroup = 5D452757233A0C1000378863;
			productRefGroup = 5D452761233A0C1000378863 /* Products */;
			projectDirPath = "";
			projectRoot = "";
			targets = (
				5D45275F233A0C1000378863 /* Charts */,
				5D452775233A0C1200378863 /* ChartsTests */,
				5D452780233A0C1200378863 /* ChartsUITests */,
			);
		};
/* End PBXProject section */

/* Begin PBXResourcesBuildPhase section */
		5D45275E233A0C1000378863 /* Resources */ = {
			isa = PBXResourcesBuildPhase;
			buildActionMask = 2147483647;
			files = (
				5D452770233A0C1100378863 /* LaunchScreen.storyboard in Resources */,
				5D45276D233A0C1100378863 /* Assets.xcassets in Resources */,
				5D45276B233A0C1000378863 /* Main.storyboard in Resources */,
			);
			runOnlyForDeploymentPostprocessing = 0;
		};
		5D452774233A0C1200378863 /* Resources */ = {
			isa = PBXResourcesBuildPhase;
			buildActionMask = 2147483647;
			files = (
			);
			runOnlyForDeploymentPostprocessing = 0;
		};
		5D45277F233A0C1200378863 /* Resources */ = {
			isa = PBXResourcesBuildPhase;
			buildActionMask = 2147483647;
			files = (
			);
			runOnlyForDeploymentPostprocessing = 0;
		};
/* End PBXResourcesBuildPhase section */

/* Begin PBXShellScriptBuildPhase section */
		14EA82E88588275531130A1A /* [CP] Check Pods Manifest.lock */ = {
			isa = PBXShellScriptBuildPhase;
			buildActionMask = 2147483647;
			files = (
			);
			inputFileListPaths = (
			);
			inputPaths = (
				"${PODS_PODFILE_DIR_PATH}/Podfile.lock",
				"${PODS_ROOT}/Manifest.lock",
			);
			name = "[CP] Check Pods Manifest.lock";
			outputFileListPaths = (
			);
			outputPaths = (
				"$(DERIVED_FILE_DIR)/Pods-Charts-checkManifestLockResult.txt",
			);
			runOnlyForDeploymentPostprocessing = 0;
			shellPath = /bin/sh;
			shellScript = "diff \"${PODS_PODFILE_DIR_PATH}/Podfile.lock\" \"${PODS_ROOT}/Manifest.lock\" > /dev/null\nif [ $? != 0 ] ; then\n    # print error to STDERR\n    echo \"error: The sandbox is not in sync with the Podfile.lock. Run 'pod install' or update your CocoaPods installation.\" >&2\n    exit 1\nfi\n# This output is used by Xcode 'outputs' to avoid re-running this script phase.\necho \"SUCCESS\" > \"${SCRIPT_OUTPUT_FILE_0}\"\n";
			showEnvVarsInLog = 0;
		};
		7C73AFFCBCF990D74EC08142 /* [CP] Check Pods Manifest.lock */ = {
			isa = PBXShellScriptBuildPhase;
			buildActionMask = 2147483647;
			files = (
			);
			inputFileListPaths = (
			);
			inputPaths = (
				"${PODS_PODFILE_DIR_PATH}/Podfile.lock",
				"${PODS_ROOT}/Manifest.lock",
			);
			name = "[CP] Check Pods Manifest.lock";
			outputFileListPaths = (
			);
			outputPaths = (
				"$(DERIVED_FILE_DIR)/Pods-ChartsTests-checkManifestLockResult.txt",
			);
			runOnlyForDeploymentPostprocessing = 0;
			shellPath = /bin/sh;
			shellScript = "diff \"${PODS_PODFILE_DIR_PATH}/Podfile.lock\" \"${PODS_ROOT}/Manifest.lock\" > /dev/null\nif [ $? != 0 ] ; then\n    # print error to STDERR\n    echo \"error: The sandbox is not in sync with the Podfile.lock. Run 'pod install' or update your CocoaPods installation.\" >&2\n    exit 1\nfi\n# This output is used by Xcode 'outputs' to avoid re-running this script phase.\necho \"SUCCESS\" > \"${SCRIPT_OUTPUT_FILE_0}\"\n";
			showEnvVarsInLog = 0;
		};
		8BCEEA4F34C933B7CC03C624 /* [CP] Check Pods Manifest.lock */ = {
			isa = PBXShellScriptBuildPhase;
			buildActionMask = 2147483647;
			files = (
			);
			inputFileListPaths = (
			);
			inputPaths = (
				"${PODS_PODFILE_DIR_PATH}/Podfile.lock",
				"${PODS_ROOT}/Manifest.lock",
			);
			name = "[CP] Check Pods Manifest.lock";
			outputFileListPaths = (
			);
			outputPaths = (
				"$(DERIVED_FILE_DIR)/Pods-ChartsUITests-checkManifestLockResult.txt",
			);
			runOnlyForDeploymentPostprocessing = 0;
			shellPath = /bin/sh;
			shellScript = "diff \"${PODS_PODFILE_DIR_PATH}/Podfile.lock\" \"${PODS_ROOT}/Manifest.lock\" > /dev/null\nif [ $? != 0 ] ; then\n    # print error to STDERR\n    echo \"error: The sandbox is not in sync with the Podfile.lock. Run 'pod install' or update your CocoaPods installation.\" >&2\n    exit 1\nfi\n# This output is used by Xcode 'outputs' to avoid re-running this script phase.\necho \"SUCCESS\" > \"${SCRIPT_OUTPUT_FILE_0}\"\n";
			showEnvVarsInLog = 0;
		};
		C20DD1A66972B134698701A4 /* [CP] Embed Pods Frameworks */ = {
			isa = PBXShellScriptBuildPhase;
			buildActionMask = 2147483647;
			files = (
			);
			inputFileListPaths = (
				"${PODS_ROOT}/Target Support Files/Pods-Charts/Pods-Charts-frameworks-${CONFIGURATION}-input-files.xcfilelist",
			);
			name = "[CP] Embed Pods Frameworks";
			outputFileListPaths = (
				"${PODS_ROOT}/Target Support Files/Pods-Charts/Pods-Charts-frameworks-${CONFIGURATION}-output-files.xcfilelist",
			);
			runOnlyForDeploymentPostprocessing = 0;
			shellPath = /bin/sh;
			shellScript = "\"${PODS_ROOT}/Target Support Files/Pods-Charts/Pods-Charts-frameworks.sh\"\n";
			showEnvVarsInLog = 0;
		};
/* End PBXShellScriptBuildPhase section */

/* Begin PBXSourcesBuildPhase section */
		5D45275C233A0C1000378863 /* Sources */ = {
			isa = PBXSourcesBuildPhase;
			buildActionMask = 2147483647;
			files = (
				5D452768233A0C1000378863 /* ViewController.swift in Sources */,
				5D452796233A2AC100378863 /* SwiftNewsVideo.swift in Sources */,
				5D452764233A0C1000378863 /* AppDelegate.swift in Sources */,
				5D452794233A272B00378863 /* MacawChart.swift in Sources */,
				5D452766233A0C1000378863 /* SceneDelegate.swift in Sources */,
			);
			runOnlyForDeploymentPostprocessing = 0;
		};
		5D452772233A0C1200378863 /* Sources */ = {
			isa = PBXSourcesBuildPhase;
			buildActionMask = 2147483647;
			files = (
				5D45277B233A0C1200378863 /* ChartsTests.swift in Sources */,
			);
			runOnlyForDeploymentPostprocessing = 0;
		};
		5D45277D233A0C1200378863 /* Sources */ = {
			isa = PBXSourcesBuildPhase;
			buildActionMask = 2147483647;
			files = (
				5D452786233A0C1200378863 /* ChartsUITests.swift in Sources */,
			);
			runOnlyForDeploymentPostprocessing = 0;
		};
/* End PBXSourcesBuildPhase section */

/* Begin PBXTargetDependency section */
		5D452778233A0C1200378863 /* PBXTargetDependency */ = {
			isa = PBXTargetDependency;
			target = 5D45275F233A0C1000378863 /* Charts */;
			targetProxy = 5D452777233A0C1200378863 /* PBXContainerItemProxy */;
		};
		5D452783233A0C1200378863 /* PBXTargetDependency */ = {
			isa = PBXTargetDependency;
			target = 5D45275F233A0C1000378863 /* Charts */;
			targetProxy = 5D452782233A0C1200378863 /* PBXContainerItemProxy */;
		};
/* End PBXTargetDependency section */

/* Begin PBXVariantGroup section */
		5D452769233A0C1000378863 /* Main.storyboard */ = {
			isa = PBXVariantGroup;
			children = (
				5D45276A233A0C1000378863 /* Base */,
			);
			name = Main.storyboard;
			sourceTree = "<group>";
		};
		5D45276E233A0C1100378863 /* LaunchScreen.storyboard */ = {
			isa = PBXVariantGroup;
			children = (
				5D45276F233A0C1100378863 /* Base */,
			);
			name = LaunchScreen.storyboard;
			sourceTree = "<group>";
		};
/* End PBXVariantGroup section */

/* Begin XCBuildConfiguration section */
		5D452788233A0C1200378863 /* Debug */ = {
			isa = XCBuildConfiguration;
			buildSettings = {
				ALWAYS_SEARCH_USER_PATHS = NO;
				CLANG_ANALYZER_NONNULL = YES;
				CLANG_ANALYZER_NUMBER_OBJECT_CONVERSION = YES_AGGRESSIVE;
				CLANG_CXX_LANGUAGE_STANDARD = "gnu++14";
				CLANG_CXX_LIBRARY = "libc++";
				CLANG_ENABLE_MODULES = YES;
				CLANG_ENABLE_OBJC_ARC = YES;
				CLANG_ENABLE_OBJC_WEAK = YES;
				CLANG_WARN_BLOCK_CAPTURE_AUTORELEASING = YES;
				CLANG_WARN_BOOL_CONVERSION = YES;
				CLANG_WARN_COMMA = YES;
				CLANG_WARN_CONSTANT_CONVERSION = YES;
				CLANG_WARN_DEPRECATED_OBJC_IMPLEMENTATIONS = YES;
				CLANG_WARN_DIRECT_OBJC_ISA_USAGE = YES_ERROR;
				CLANG_WARN_DOCUMENTATION_COMMENTS = YES;
				CLANG_WARN_EMPTY_BODY = YES;
				CLANG_WARN_ENUM_CONVERSION = YES;
				CLANG_WARN_INFINITE_RECURSION = YES;
				CLANG_WARN_INT_CONVERSION = YES;
				CLANG_WARN_NON_LITERAL_NULL_CONVERSION = YES;
				CLANG_WARN_OBJC_IMPLICIT_RETAIN_SELF = YES;
				CLANG_WARN_OBJC_LITERAL_CONVERSION = YES;
				CLANG_WARN_OBJC_ROOT_CLASS = YES_ERROR;
				CLANG_WARN_RANGE_LOOP_ANALYSIS = YES;
				CLANG_WARN_STRICT_PROTOTYPES = YES;
				CLANG_WARN_SUSPICIOUS_MOVE = YES;
				CLANG_WARN_UNGUARDED_AVAILABILITY = YES_AGGRESSIVE;
				CLANG_WARN_UNREACHABLE_CODE = YES;
				CLANG_WARN__DUPLICATE_METHOD_MATCH = YES;
				COPY_PHASE_STRIP = NO;
				DEBUG_INFORMATION_FORMAT = dwarf;
				ENABLE_STRICT_OBJC_MSGSEND = YES;
				ENABLE_TESTABILITY = YES;
				GCC_C_LANGUAGE_STANDARD = gnu11;
				GCC_DYNAMIC_NO_PIC = NO;
				GCC_NO_COMMON_BLOCKS = YES;
				GCC_OPTIMIZATION_LEVEL = 0;
				GCC_PREPROCESSOR_DEFINITIONS = (
					"DEBUG=1",
					"$(inherited)",
				);
				GCC_WARN_64_TO_32_BIT_CONVERSION = YES;
				GCC_WARN_ABOUT_RETURN_TYPE = YES_ERROR;
				GCC_WARN_UNDECLARED_SELECTOR = YES;
				GCC_WARN_UNINITIALIZED_AUTOS = YES_AGGRESSIVE;
				GCC_WARN_UNUSED_FUNCTION = YES;
				GCC_WARN_UNUSED_VARIABLE = YES;
				IPHONEOS_DEPLOYMENT_TARGET = 13.0;
				MTL_ENABLE_DEBUG_INFO = INCLUDE_SOURCE;
				MTL_FAST_MATH = YES;
				ONLY_ACTIVE_ARCH = YES;
				SDKROOT = iphoneos;
				SWIFT_ACTIVE_COMPILATION_CONDITIONS = DEBUG;
				SWIFT_OPTIMIZATION_LEVEL = "-Onone";
			};
			name = Debug;
		};
		5D452789233A0C1200378863 /* Release */ = {
			isa = XCBuildConfiguration;
			buildSettings = {
				ALWAYS_SEARCH_USER_PATHS = NO;
				CLANG_ANALYZER_NONNULL = YES;
				CLANG_ANALYZER_NUMBER_OBJECT_CONVERSION = YES_AGGRESSIVE;
				CLANG_CXX_LANGUAGE_STANDARD = "gnu++14";
				CLANG_CXX_LIBRARY = "libc++";
				CLANG_ENABLE_MODULES = YES;
				CLANG_ENABLE_OBJC_ARC = YES;
				CLANG_ENABLE_OBJC_WEAK = YES;
				CLANG_WARN_BLOCK_CAPTURE_AUTORELEASING = YES;
				CLANG_WARN_BOOL_CONVERSION = YES;
				CLANG_WARN_COMMA = YES;
				CLANG_WARN_CONSTANT_CONVERSION = YES;
				CLANG_WARN_DEPRECATED_OBJC_IMPLEMENTATIONS = YES;
				CLANG_WARN_DIRECT_OBJC_ISA_USAGE = YES_ERROR;
				CLANG_WARN_DOCUMENTATION_COMMENTS = YES;
				CLANG_WARN_EMPTY_BODY = YES;
				CLANG_WARN_ENUM_CONVERSION = YES;
				CLANG_WARN_INFINITE_RECURSION = YES;
				CLANG_WARN_INT_CONVERSION = YES;
				CLANG_WARN_NON_LITERAL_NULL_CONVERSION = YES;
				CLANG_WARN_OBJC_IMPLICIT_RETAIN_SELF = YES;
				CLANG_WARN_OBJC_LITERAL_CONVERSION = YES;
				CLANG_WARN_OBJC_ROOT_CLASS = YES_ERROR;
				CLANG_WARN_RANGE_LOOP_ANALYSIS = YES;
				CLANG_WARN_STRICT_PROTOTYPES = YES;
				CLANG_WARN_SUSPICIOUS_MOVE = YES;
				CLANG_WARN_UNGUARDED_AVAILABILITY = YES_AGGRESSIVE;
				CLANG_WARN_UNREACHABLE_CODE = YES;
				CLANG_WARN__DUPLICATE_METHOD_MATCH = YES;
				COPY_PHASE_STRIP = NO;
				DEBUG_INFORMATION_FORMAT = "dwarf-with-dsym";
				ENABLE_NS_ASSERTIONS = NO;
				ENABLE_STRICT_OBJC_MSGSEND = YES;
				GCC_C_LANGUAGE_STANDARD = gnu11;
				GCC_NO_COMMON_BLOCKS = YES;
				GCC_WARN_64_TO_32_BIT_CONVERSION = YES;
				GCC_WARN_ABOUT_RETURN_TYPE = YES_ERROR;
				GCC_WARN_UNDECLARED_SELECTOR = YES;
				GCC_WARN_UNINITIALIZED_AUTOS = YES_AGGRESSIVE;
				GCC_WARN_UNUSED_FUNCTION = YES;
				GCC_WARN_UNUSED_VARIABLE = YES;
				IPHONEOS_DEPLOYMENT_TARGET = 13.0;
				MTL_ENABLE_DEBUG_INFO = NO;
				MTL_FAST_MATH = YES;
				SDKROOT = iphoneos;
				SWIFT_COMPILATION_MODE = wholemodule;
				SWIFT_OPTIMIZATION_LEVEL = "-O";
				VALIDATE_PRODUCT = YES;
			};
			name = Release;
		};
		5D45278B233A0C1200378863 /* Debug */ = {
			isa = XCBuildConfiguration;
			baseConfigurationReference = D45CF70FCF0081ED1CD1342A /* Pods-Charts.debug.xcconfig */;
			buildSettings = {
				ASSETCATALOG_COMPILER_APPICON_NAME = AppIcon;
				CODE_SIGN_STYLE = Automatic;
				DEVELOPMENT_TEAM = L235G296ZM;
				INFOPLIST_FILE = Charts/Info.plist;
				LD_RUNPATH_SEARCH_PATHS = (
					"$(inherited)",
					"@executable_path/Frameworks",
				);
				PRODUCT_BUNDLE_IDENTIFIER = KarlJay.Charts;
				PRODUCT_NAME = "$(TARGET_NAME)";
				SWIFT_VERSION = 5.0;
				TARGETED_DEVICE_FAMILY = "1,2";
			};
			name = Debug;
		};
		5D45278C233A0C1200378863 /* Release */ = {
			isa = XCBuildConfiguration;
			baseConfigurationReference = 3E8BDCBE9D9A74FE9DCF82EF /* Pods-Charts.release.xcconfig */;
			buildSettings = {
				ASSETCATALOG_COMPILER_APPICON_NAME = AppIcon;
				CODE_SIGN_STYLE = Automatic;
				DEVELOPMENT_TEAM = L235G296ZM;
				INFOPLIST_FILE = Charts/Info.plist;
				LD_RUNPATH_SEARCH_PATHS = (
					"$(inherited)",
					"@executable_path/Frameworks",
				);
				PRODUCT_BUNDLE_IDENTIFIER = KarlJay.Charts;
				PRODUCT_NAME = "$(TARGET_NAME)";
				SWIFT_VERSION = 5.0;
				TARGETED_DEVICE_FAMILY = "1,2";
			};
			name = Release;
		};
		5D45278E233A0C1200378863 /* Debug */ = {
			isa = XCBuildConfiguration;
			baseConfigurationReference = CC57CF863077DD16DD2132EF /* Pods-ChartsTests.debug.xcconfig */;
			buildSettings = {
				ALWAYS_EMBED_SWIFT_STANDARD_LIBRARIES = YES;
				BUNDLE_LOADER = "$(TEST_HOST)";
				CODE_SIGN_STYLE = Automatic;
				DEVELOPMENT_TEAM = L235G296ZM;
				INFOPLIST_FILE = ChartsTests/Info.plist;
				IPHONEOS_DEPLOYMENT_TARGET = 13.0;
				LD_RUNPATH_SEARCH_PATHS = (
					"$(inherited)",
					"@executable_path/Frameworks",
					"@loader_path/Frameworks",
				);
				PRODUCT_BUNDLE_IDENTIFIER = KarlJay.ChartsTests;
				PRODUCT_NAME = "$(TARGET_NAME)";
				SWIFT_VERSION = 5.0;
				TARGETED_DEVICE_FAMILY = "1,2";
				TEST_HOST = "$(BUILT_PRODUCTS_DIR)/Charts.app/Charts";
			};
			name = Debug;
		};
		5D45278F233A0C1200378863 /* Release */ = {
			isa = XCBuildConfiguration;
			baseConfigurationReference = 2B9C8B1444E54422E7016E2A /* Pods-ChartsTests.release.xcconfig */;
			buildSettings = {
				ALWAYS_EMBED_SWIFT_STANDARD_LIBRARIES = YES;
				BUNDLE_LOADER = "$(TEST_HOST)";
				CODE_SIGN_STYLE = Automatic;
				DEVELOPMENT_TEAM = L235G296ZM;
				INFOPLIST_FILE = ChartsTests/Info.plist;
				IPHONEOS_DEPLOYMENT_TARGET = 13.0;
				LD_RUNPATH_SEARCH_PATHS = (
					"$(inherited)",
					"@executable_path/Frameworks",
					"@loader_path/Frameworks",
				);
				PRODUCT_BUNDLE_IDENTIFIER = KarlJay.ChartsTests;
				PRODUCT_NAME = "$(TARGET_NAME)";
				SWIFT_VERSION = 5.0;
				TARGETED_DEVICE_FAMILY = "1,2";
				TEST_HOST = "$(BUILT_PRODUCTS_DIR)/Charts.app/Charts";
			};
			name = Release;
		};
		5D452791233A0C1200378863 /* Debug */ = {
			isa = XCBuildConfiguration;
			baseConfigurationReference = E829C427183E00A946073B09 /* Pods-ChartsUITests.debug.xcconfig */;
			buildSettings = {
				ALWAYS_EMBED_SWIFT_STANDARD_LIBRARIES = YES;
				CODE_SIGN_STYLE = Automatic;
				DEVELOPMENT_TEAM = L235G296ZM;
				INFOPLIST_FILE = ChartsUITests/Info.plist;
				LD_RUNPATH_SEARCH_PATHS = (
					"$(inherited)",
					"@executable_path/Frameworks",
					"@loader_path/Frameworks",
				);
				PRODUCT_BUNDLE_IDENTIFIER = KarlJay.ChartsUITests;
				PRODUCT_NAME = "$(TARGET_NAME)";
				SWIFT_VERSION = 5.0;
				TARGETED_DEVICE_FAMILY = "1,2";
				TEST_TARGET_NAME = Charts;
			};
			name = Debug;
		};
		5D452792233A0C1200378863 /* Release */ = {
			isa = XCBuildConfiguration;
			baseConfigurationReference = B423412C9414122CFF61B11E /* Pods-ChartsUITests.release.xcconfig */;
			buildSettings = {
				ALWAYS_EMBED_SWIFT_STANDARD_LIBRARIES = YES;
				CODE_SIGN_STYLE = Automatic;
				DEVELOPMENT_TEAM = L235G296ZM;
				INFOPLIST_FILE = ChartsUITests/Info.plist;
				LD_RUNPATH_SEARCH_PATHS = (
					"$(inherited)",
					"@executable_path/Frameworks",
					"@loader_path/Frameworks",
				);
				PRODUCT_BUNDLE_IDENTIFIER = KarlJay.ChartsUITests;
				PRODUCT_NAME = "$(TARGET_NAME)";
				SWIFT_VERSION = 5.0;
				TARGETED_DEVICE_FAMILY = "1,2";
				TEST_TARGET_NAME = Charts;
			};
			name = Release;
		};
/* End XCBuildConfiguration section */

/* Begin XCConfigurationList section */
		5D45275B233A0C1000378863 /* Build configuration list for PBXProject "Charts" */ = {
			isa = XCConfigurationList;
			buildConfigurations = (
				5D452788233A0C1200378863 /* Debug */,
				5D452789233A0C1200378863 /* Release */,
			);
			defaultConfigurationIsVisible = 0;
			defaultConfigurationName = Release;
		};
		5D45278A233A0C1200378863 /* Build configuration list for PBXNativeTarget "Charts" */ = {
			isa = XCConfigurationList;
			buildConfigurations = (
				5D45278B233A0C1200378863 /* Debug */,
				5D45278C233A0C1200378863 /* Release */,
			);
			defaultConfigurationIsVisible = 0;
			defaultConfigurationName = Release;
		};
		5D45278D233A0C1200378863 /* Build configuration list for PBXNativeTarget "ChartsTests" */ = {
			isa = XCConfigurationList;
			buildConfigurations = (
				5D45278E233A0C1200378863 /* Debug */,
				5D45278F233A0C1200378863 /* Release */,
			);
			defaultConfigurationIsVisible = 0;
			defaultConfigurationName = Release;
		};
		5D452790233A0C1200378863 /* Build configuration list for PBXNativeTarget "ChartsUITests" */ = {
			isa = XCConfigurationList;
			buildConfigurations = (
				5D452791233A0C1200378863 /* Debug */,
				5D452792233A0C1200378863 /* Release */,
			);
			defaultConfigurationIsVisible = 0;
			defaultConfigurationName = Release;
		};
/* End XCConfigurationList section */
	};
	rootObject = 5D452758233A0C1000378863 /* Project object */;
}
